
Microsoft Visual Studio Solution File, Format Version 12.00
# Visual Studio Version 16
VisualStudioVersion = 16.0.30204.135
MinimumVisualStudioVersion = 10.0.40219.1
Project("{FAE04EC0-301F-11D3-BF4B-00C04F79EFBC}") = "WithTeachers", "WithTeachers\WithTeachers.csproj", "{71581FB1-7693-4930-ABD6-2AD0D1DB234E}"
EndProject
Global
	GlobalSection(SolutionConfigurationPlatforms) = preSolution
		Debug|Any CPU = Debug|Any CPU
		Release|Any CPU = Release|Any CPU
	EndGlobalSection
	GlobalSection(ProjectConfigurationPlatforms) = postSolution
		{71581FB1-7693-4930-ABD6-2AD0D1DB234E}.Debug|Any CPU.ActiveCfg = Debug|Any CPU
		{71581FB1-7693-4930-ABD6-2AD0D1DB234E}.Debug|Any CPU.Build.0 = Debug|Any CPU
		{71581FB1-7693-4930-ABD6-2AD0D1DB234E}.Release|Any CPU.ActiveCfg = Release|Any CPU
		{71581FB1-7693-4930-ABD6-2AD0D1DB234E}.Release|Any CPU.Build.0 = Release|Any CPU
	EndGlobalSection
	GlobalSection(SolutionProperties) = preSolution
		HideSolutionNode = FALSE
	EndGlobalSection
	GlobalSection(ExtensibilityGlobals) = postSolution
		SolutionGuid = {6722CE45-9916-4794-A036-9F072E00C829}
	EndGlobalSection
EndGlobal
